<?xml version="1.0" encoding="utf-8"?>
<Project ToolsVersion="4.0" xmlns="http://schemas.microsoft.com/developer/msbuild/2003">
  <ItemGroup>
    <Filter Include="Source Files">
      <UniqueIdentifier>{4FC737F1-C7A5-4376-A066-2A32D752A2FF}</UniqueIdentifier>
      <Extensions>cpp;c;cc;cxx;c++;cppm;ixx;def;odl;idl;hpj;bat;asm;asmx</Extensions>
    </Filter>
    <Filter Include="Header Files">
      <UniqueIdentifier>{93995380-89BD-4b04-88EB-625FBE52EBFB}</UniqueIdentifier>
      <Extensions>h;hh;hpp;hxx;h++;hm;inl;inc;ipp;xsd</Extensions>
    </Filter>
    <Filter Include="Resource Files">
      <UniqueIdentifier>{67DA6AB6-F800-4c08-8B7A-83BB121AAD01}</UniqueIdentifier>
      <Extensions>rc;ico;cur;bmp;dlg;rc2;rct;bin;rgs;gif;jpg;jpeg;jpe;resx;tiff;tif;png;wav;mfcribbon-ms</Extensions>
    </Filter>
    <Filter Include="Header Files\Engine">
      <UniqueIdentifier>{84949ea7-4575-4989-a1d7-06eac59a6b91}</UniqueIdentifier>
    </Filter>
    <Filter Include="Header Files\Engine\Modules">
      <UniqueIdentifier>{a60720ce-7f25-4a32-9323-80bdb7c2b8d6}</UniqueIdentifier>
    </Filter>
    <Filter Include="Header Files\Game">
      <UniqueIdentifier>{97ccf6f9-105b-4c5f-b243-70853254a90d}</UniqueIdentifier>
    </Filter>
    <Filter Include="Header Files\Game\Modules">
      <UniqueIdentifier>{a597fa20-c1fd-4642-990f-a0f90774b062}</UniqueIdentifier>
    </Filter>
    <Filter Include="Header Files\Game\Modules\Core">
      <UniqueIdentifier>{72c6591d-1575-46b3-9437-5cafff260dd9}</UniqueIdentifier>
    </Filter>
    <Filter Include="Header Files\Game\Modules\Gameplay">
      <UniqueIdentifier>{c5fab418-edd3-4b20-8ff6-7579b5aecfb7}</UniqueIdentifier>
    </Filter>
    <Filter Include="Header Files\Engine\Modules\rapidjson">
      <UniqueIdentifier>{7cc397f1-ee38-4701-bce8-1b89fdd858c8}</UniqueIdentifier>
    </Filter>
  </ItemGroup>
  <ItemGroup>
    <ClCompile Include="main.cpp">
      <Filter>Header Files</Filter>
    </ClCompile>
    <ClCompile Include="Engine\Engine.cpp">
      <Filter>Source Files</Filter>
    </ClCompile>
    <ClCompile Include="Engine\Modules\WIP - AssetInit.cpp">
      <Filter>Source Files</Filter>
    </ClCompile>
    <ClCompile Include="Engine\Modules\File.cpp">
      <Filter>Source Files</Filter>
    </ClCompile>
    <ClCompile Include="Engine\Modules\WIP - IO.cpp">
      <Filter>Source Files</Filter>
    </ClCompile>
    <ClCompile Include="Engine\Modules\Json.cpp">
      <Filter>Source Files</Filter>
    </ClCompile>
    <ClCompile Include="Engine\Modules\WIP - Log.cpp">
      <Filter>Source Files</Filter>
    </ClCompile>
    <ClCompile Include="Engine\Modules\Util.cpp">
      <Filter>Source Files</Filter>
    </ClCompile>
    <ClCompile Include="Engine\Modules\WIP - WindowsEvents.cpp">
      <Filter>Source Files</Filter>
    </ClCompile>
    <ClCompile Include="Game\Game.cpp">
      <Filter>Source Files</Filter>
    </ClCompile>
    <ClCompile Include="Game\Modules\private\BankAccount.cpp">
      <Filter>Source Files</Filter>
    </ClCompile>
    <ClCompile Include="Game\Modules\private\Computer.cpp">
      <Filter>Source Files</Filter>
    </ClCompile>
    <ClCompile Include="Game\Modules\private\Person.cpp">
      <Filter>Source Files</Filter>
    </ClCompile>
    <ClCompile Include="Game\Modules\private\Phone.cpp">
      <Filter>Source Files</Filter>
    </ClCompile>
    <ClCompile Include="Game\Modules\private\Player.cpp">
      <Filter>Source Files</Filter>
    </ClCompile>
    <ClCompile Include="Game\Modules\private\SaveData.cpp">
      <Filter>Source Files</Filter>
    </ClCompile>
    <ClCompile Include="Game\Modules\private\Window.cpp">
      <Filter>Source Files</Filter>
    </ClCompile>
  </ItemGroup>
  <ItemGroup>
    <ClInclude Include="main.h">
      <Filter>Header Files</Filter>
    </ClInclude>
    <ClInclude Include="Engine\Engine.h">
      <Filter>Header Files</Filter>
    </ClInclude>
    <ClInclude Include="Engine\Modules\File.h">
      <Filter>Header Files</Filter>
    </ClInclude>
    <ClInclude Include="Engine\Modules\Json.h">
      <Filter>Header Files</Filter>
    </ClInclude>
    <ClInclude Include="Engine\Modules\nlohmann\json.hpp">
      <Filter>Header Files</Filter>
    </ClInclude>
    <ClInclude Include="Engine\Modules\nlohmann\json_fwd.hpp">
      <Filter>Header Files</Filter>
    </ClInclude>
    <ClInclude Include="Engine\Modules\Util.h">
      <Filter>Header Files</Filter>
    </ClInclude>
    <ClInclude Include="Game\Game.h">
      <Filter>Header Files</Filter>
    </ClInclude>
    <ClInclude Include="Game\Modules\public\WIP - BankAccount.h">
      <Filter>Header Files</Filter>
    </ClInclude>
    <ClInclude Include="Game\Modules\public\Computer.h">
      <Filter>Header Files</Filter>
    </ClInclude>
    <ClInclude Include="Game\Modules\public\Factions.h">
      <Filter>Header Files</Filter>
    </ClInclude>
    <ClInclude Include="Game\Modules\public\Person.h">
      <Filter>Header Files</Filter>
    </ClInclude>
    <ClInclude Include="Game\Modules\public\WIP - Phone.h">
      <Filter>Header Files</Filter>
    </ClInclude>
    <ClInclude Include="Game\Modules\public\Player.h">
      <Filter>Header Files</Filter>
    </ClInclude>
    <ClInclude Include="Game\Modules\public\SaveData.h">
      <Filter>Header Files</Filter>
    </ClInclude>
    <ClInclude Include="Game\Modules\public\Window.h">
      <Filter>Header Files</Filter>
    </ClInclude>
  </ItemGroup>
</Project>